// !$*UTF8*$!
{
	archiveVersion = 1;
	classes = {
	};
	objectVersion = 46;
	objects = {

/* Begin PBXBuildFile section */
		42A7B2371AB4610600850638 /* BleCentral.m in Sources */ = {isa = PBXBuildFile; fileRef = 42A7B2361AB4610600850638 /* BleCentral.m */; };
		42D94C7C1940B2D3003A32AB /* Foundation.framework in Frameworks */ = {isa = PBXBuildFile; fileRef = 42D94C7B1940B2D3003A32AB /* Foundation.framework */; };
		42D94C7E1940B2D3003A32AB /* CoreGraphics.framework in Frameworks */ = {isa = PBXBuildFile; fileRef = 42D94C7D1940B2D3003A32AB /* CoreGraphics.framework */; };
		42D94C801940B2D3003A32AB /* UIKit.framework in Frameworks */ = {isa = PBXBuildFile; fileRef = 42D94C7F1940B2D3003A32AB /* UIKit.framework */; };
		42D94C861940B2D3003A32AB /* InfoPlist.strings in Resources */ = {isa = PBXBuildFile; fileRef = 42D94C841940B2D3003A32AB /* InfoPlist.strings */; };
		42D94C881940B2D3003A32AB /* main.m in Sources */ = {isa = PBXBuildFile; fileRef = 42D94C871940B2D3003A32AB /* main.m */; };
		42D94C8C1940B2D3003A32AB /* hanaAppDelegate.m in Sources */ = {isa = PBXBuildFile; fileRef = 42D94C8B1940B2D3003A32AB /* hanaAppDelegate.m */; };
		42D94C8F1940B2D3003A32AB /* Main_iPhone.storyboard in Resources */ = {isa = PBXBuildFile; fileRef = 42D94C8D1940B2D3003A32AB /* Main_iPhone.storyboard */; };
		42D94C921940B2D3003A32AB /* Main_iPad.storyboard in Resources */ = {isa = PBXBuildFile; fileRef = 42D94C901940B2D3003A32AB /* Main_iPad.storyboard */; };
		42D94C951940B2D3003A32AB /* AdshowViewController.m in Sources */ = {isa = PBXBuildFile; fileRef = 42D94C941940B2D3003A32AB /* AdshowViewController.m */; };
		42D94C971940B2D3003A32AB /* Images.xcassets in Resources */ = {isa = PBXBuildFile; fileRef = 42D94C961940B2D3003A32AB /* Images.xcassets */; };
		42D94C9E1940B2D3003A32AB /* XCTest.framework in Frameworks */ = {isa = PBXBuildFile; fileRef = 42D94C9D1940B2D3003A32AB /* XCTest.framework */; };
		42D94C9F1940B2D3003A32AB /* Foundation.framework in Frameworks */ = {isa = PBXBuildFile; fileRef = 42D94C7B1940B2D3003A32AB /* Foundation.framework */; };
		42D94CA01940B2D3003A32AB /* UIKit.framework in Frameworks */ = {isa = PBXBuildFile; fileRef = 42D94C7F1940B2D3003A32AB /* UIKit.framework */; };
		42D94CA81940B2D3003A32AB /* InfoPlist.strings in Resources */ = {isa = PBXBuildFile; fileRef = 42D94CA61940B2D3003A32AB /* InfoPlist.strings */; };
		42D94CAA1940B2D3003A32AB /* dmcmrAdTests.m in Sources */ = {isa = PBXBuildFile; fileRef = 42D94CA91940B2D3003A32AB /* dmcmrAdTests.m */; };
		42D94CB41940B3A5003A32AB /* CoreBluetooth.framework in Frameworks */ = {isa = PBXBuildFile; fileRef = 42D94CB31940B3A5003A32AB /* CoreBluetooth.framework */; };
/* End PBXBuildFile section */

/* Begin PBXContainerItemProxy section */
		42D94CA11940B2D3003A32AB /* PBXContainerItemProxy */ = {
			isa = PBXContainerItemProxy;
			containerPortal = 42D94C701940B2D3003A32AB /* Project object */;
			proxyType = 1;
			remoteGlobalIDString = 42D94C771940B2D3003A32AB;
			remoteInfo = dmcmrAd;
		};
/* End PBXContainerItemProxy section */

/* Begin PBXFileReference section */
		42A7B2351AB4610600850638 /* BleCentral.h */ = {isa = PBXFileReference; fileEncoding = 4; lastKnownFileType = sourcecode.c.h; path = BleCentral.h; sourceTree = "<group>"; };
		42A7B2361AB4610600850638 /* BleCentral.m */ = {isa = PBXFileReference; fileEncoding = 4; lastKnownFileType = sourcecode.c.objc; path = BleCentral.m; sourceTree = "<group>"; };
		42D94C781940B2D3003A32AB /* dmcmrAd.app */ = {isa = PBXFileReference; explicitFileType = wrapper.application; includeInIndex = 0; path = dmcmrAd.app; sourceTree = BUILT_PRODUCTS_DIR; };
		42D94C7B1940B2D3003A32AB /* Foundation.framework */ = {isa = PBXFileReference; lastKnownFileType = wrapper.framework; name = Foundation.framework; path = System/Library/Frameworks/Foundation.framework; sourceTree = SDKROOT; };
		42D94C7D1940B2D3003A32AB /* CoreGraphics.framework */ = {isa = PBXFileReference; lastKnownFileType = wrapper.framework; name = CoreGraphics.framework; path = System/Library/Frameworks/CoreGraphics.framework; sourceTree = SDKROOT; };
		42D94C7F1940B2D3003A32AB /* UIKit.framework */ = {isa = PBXFileReference; lastKnownFileType = wrapper.framework; name = UIKit.framework; path = System/Library/Frameworks/UIKit.framework; sourceTree = SDKROOT; };
		42D94C831940B2D3003A32AB /* dmcmrAd-Info.plist */ = {isa = PBXFileReference; lastKnownFileType = text.plist.xml; path = "dmcmrAd-Info.plist"; sourceTree = "<group>"; };
		42D94C851940B2D3003A32AB /* en */ = {isa = PBXFileReference; lastKnownFileType = text.plist.strings; name = en; path = en.lproj/InfoPlist.strings; sourceTree = "<group>"; };
		42D94C871940B2D3003A32AB /* main.m */ = {isa = PBXFileReference; lastKnownFileType = sourcecode.c.objc; path = main.m; sourceTree = "<group>"; };
		42D94C891940B2D3003A32AB /* dmcmrAd-Prefix.pch */ = {isa = PBXFileReference; lastKnownFileType = sourcecode.c.h; path = "dmcmrAd-Prefix.pch"; sourceTree = "<group>"; };
		42D94C8A1940B2D3003A32AB /* hanaAppDelegate.h */ = {isa = PBXFileReference; lastKnownFileType = sourcecode.c.h; path = hanaAppDelegate.h; sourceTree = "<group>"; };
		42D94C8B1940B2D3003A32AB /* hanaAppDelegate.m */ = {isa = PBXFileReference; lastKnownFileType = sourcecode.c.objc; path = hanaAppDelegate.m; sourceTree = "<group>"; };
		42D94C8E1940B2D3003A32AB /* Base */ = {isa = PBXFileReference; lastKnownFileType = file.storyboard; name = Base; path = Base.lproj/Main_iPhone.storyboard; sourceTree = "<group>"; };
		42D94C911940B2D3003A32AB /* Base */ = {isa = PBXFileReference; lastKnownFileType = file.storyboard; name = Base; path = Base.lproj/Main_iPad.storyboard; sourceTree = "<group>"; };
		42D94C931940B2D3003A32AB /* AdshowViewController.h */ = {isa = PBXFileReference; lastKnownFileType = sourcecode.c.h; path = AdshowViewController.h; sourceTree = "<group>"; };
		42D94C941940B2D3003A32AB /* AdshowViewController.m */ = {isa = PBXFileReference; lastKnownFileType = sourcecode.c.objc; path = AdshowViewController.m; sourceTree = "<group>"; };
		42D94C961940B2D3003A32AB /* Images.xcassets */ = {isa = PBXFileReference; lastKnownFileType = folder.assetcatalog; path = Images.xcassets; sourceTree = "<group>"; };
		42D94C9C1940B2D3003A32AB /* dmcmrAdTests.xctest */ = {isa = PBXFileReference; explicitFileType = wrapper.cfbundle; includeInIndex = 0; path = dmcmrAdTests.xctest; sourceTree = BUILT_PRODUCTS_DIR; };
		42D94C9D1940B2D3003A32AB /* XCTest.framework */ = {isa = PBXFileReference; lastKnownFileType = wrapper.framework; name = XCTest.framework; path = Library/Frameworks/XCTest.framework; sourceTree = DEVELOPER_DIR; };
		42D94CA51940B2D3003A32AB /* dmcmrAdTests-Info.plist */ = {isa = PBXFileReference; lastKnownFileType = text.plist.xml; path = "dmcmrAdTests-Info.plist"; sourceTree = "<group>"; };
		42D94CA71940B2D3003A32AB /* en */ = {isa = PBXFileReference; lastKnownFileType = text.plist.strings; name = en; path = en.lproj/InfoPlist.strings; sourceTree = "<group>"; };
		42D94CA91940B2D3003A32AB /* dmcmrAdTests.m */ = {isa = PBXFileReference; lastKnownFileType = sourcecode.c.objc; path = dmcmrAdTests.m; sourceTree = "<group>"; };
		42D94CB31940B3A5003A32AB /* CoreBluetooth.framework */ = {isa = PBXFileReference; lastKnownFileType = wrapper.framework; name = CoreBluetooth.framework; path = System/Library/Frameworks/CoreBluetooth.framework; sourceTree = SDKROOT; };
/* End PBXFileReference section */

/* Begin PBXFrameworksBuildPhase section */
		42D94C751940B2D3003A32AB /* Frameworks */ = {
			isa = PBXFrameworksBuildPhase;
			buildActionMask = 2147483647;
			files = (
				42D94CB41940B3A5003A32AB /* CoreBluetooth.framework in Frameworks */,
				42D94C7E1940B2D3003A32AB /* CoreGraphics.framework in Frameworks */,
				42D94C801940B2D3003A32AB /* UIKit.framework in Frameworks */,
				42D94C7C1940B2D3003A32AB /* Foundation.framework in Frameworks */,
			);
			runOnlyForDeploymentPostprocessing = 0;
		};
		42D94C991940B2D3003A32AB /* Frameworks */ = {
			isa = PBXFrameworksBuildPhase;
			buildActionMask = 2147483647;
			files = (
				42D94C9E1940B2D3003A32AB /* XCTest.framework in Frameworks */,
				42D94CA01940B2D3003A32AB /* UIKit.framework in Frameworks */,
				42D94C9F1940B2D3003A32AB /* Foundation.framework in Frameworks */,
			);
			runOnlyForDeploymentPostprocessing = 0;
		};
/* End PBXFrameworksBuildPhase section */

/* Begin PBXGroup section */
		42A7B2341AB460D600850638 /* ble */ = {
			isa = PBXGroup;
			children = (
				42A7B2351AB4610600850638 /* BleCentral.h */,
				42A7B2361AB4610600850638 /* BleCentral.m */,
			);
			name = ble;
			sourceTree = "<group>";
		};
		42D94C6F1940B2D3003A32AB = {
			isa = PBXGroup;
			children = (
				42D94C811940B2D3003A32AB /* dmcmrAd */,
				42D94CA31940B2D3003A32AB /* dmcmrAdTests */,
				42D94C7A1940B2D3003A32AB /* Frameworks */,
				42D94C791940B2D3003A32AB /* Products */,
			);
			sourceTree = "<group>";
		};
		42D94C791940B2D3003A32AB /* Products */ = {
			isa = PBXGroup;
			children = (
				42D94C781940B2D3003A32AB /* dmcmrAd.app */,
				42D94C9C1940B2D3003A32AB /* dmcmrAdTests.xctest */,
			);
			name = Products;
			sourceTree = "<group>";
		};
		42D94C7A1940B2D3003A32AB /* Frameworks */ = {
			isa = PBXGroup;
			children = (
				42D94CB31940B3A5003A32AB /* CoreBluetooth.framework */,
				42D94C7B1940B2D3003A32AB /* Foundation.framework */,
				42D94C7D1940B2D3003A32AB /* CoreGraphics.framework */,
				42D94C7F1940B2D3003A32AB /* UIKit.framework */,
				42D94C9D1940B2D3003A32AB /* XCTest.framework */,
			);
			name = Frameworks;
			sourceTree = "<group>";
		};
		42D94C811940B2D3003A32AB /* dmcmrAd */ = {
			isa = PBXGroup;
			children = (
				42A7B2341AB460D600850638 /* ble */,
				42D94C8A1940B2D3003A32AB /* hanaAppDelegate.h */,
				42D94C8B1940B2D3003A32AB /* hanaAppDelegate.m */,
				42D94C8D1940B2D3003A32AB /* Main_iPhone.storyboard */,
				42D94C901940B2D3003A32AB /* Main_iPad.storyboard */,
				42D94C931940B2D3003A32AB /* AdshowViewController.h */,
				42D94C941940B2D3003A32AB /* AdshowViewController.m */,
				42D94C961940B2D3003A32AB /* Images.xcassets */,
				42D94C821940B2D3003A32AB /* Supporting Files */,
			);
			path = dmcmrAd;
			sourceTree = "<group>";
		};
		42D94C821940B2D3003A32AB /* Supporting Files */ = {
			isa = PBXGroup;
			children = (
				42D94C831940B2D3003A32AB /* dmcmrAd-Info.plist */,
				42D94C841940B2D3003A32AB /* InfoPlist.strings */,
				42D94C871940B2D3003A32AB /* main.m */,
				42D94C891940B2D3003A32AB /* dmcmrAd-Prefix.pch */,
			);
			name = "Supporting Files";
			sourceTree = "<group>";
		};
		42D94CA31940B2D3003A32AB /* dmcmrAdTests */ = {
			isa = PBXGroup;
			children = (
				42D94CA91940B2D3003A32AB /* dmcmrAdTests.m */,
				42D94CA41940B2D3003A32AB /* Supporting Files */,
			);
			path = dmcmrAdTests;
			sourceTree = "<group>";
		};
		42D94CA41940B2D3003A32AB /* Supporting Files */ = {
			isa = PBXGroup;
			children = (
				42D94CA51940B2D3003A32AB /* dmcmrAdTests-Info.plist */,
				42D94CA61940B2D3003A32AB /* InfoPlist.strings */,
			);
			name = "Supporting Files";
			sourceTree = "<group>";
		};
/* End PBXGroup section */

/* Begin PBXNativeTarget section */
		42D94C771940B2D3003A32AB /* dmcmrAd */ = {
			isa = PBXNativeTarget;
			buildConfigurationList = 42D94CAD1940B2D3003A32AB /* Build configuration list for PBXNativeTarget "dmcmrAd" */;
			buildPhases = (
				42D94C741940B2D3003A32AB /* Sources */,
				42D94C751940B2D3003A32AB /* Frameworks */,
				42D94C761940B2D3003A32AB /* Resources */,
			);
			buildRules = (
			);
			dependencies = (
			);
			name = dmcmrAd;
			productName = dmcmrAd;
			productReference = 42D94C781940B2D3003A32AB /* dmcmrAd.app */;
			productType = "com.apple.product-type.application";
		};
		42D94C9B1940B2D3003A32AB /* dmcmrAdTests */ = {
			isa = PBXNativeTarget;
			buildConfigurationList = 42D94CB01940B2D3003A32AB /* Build configuration list for PBXNativeTarget "dmcmrAdTests" */;
			buildPhases = (
				42D94C981940B2D3003A32AB /* Sources */,
				42D94C991940B2D3003A32AB /* Frameworks */,
				42D94C9A1940B2D3003A32AB /* Resources */,
			);
			buildRules = (
			);
			dependencies = (
				42D94CA21940B2D3003A32AB /* PBXTargetDependency */,
			);
			name = dmcmrAdTests;
			productName = dmcmrAdTests;
			productReference = 42D94C9C1940B2D3003A32AB /* dmcmrAdTests.xctest */;
			productType = "com.apple.product-type.bundle.unit-test";
		};
/* End PBXNativeTarget section */

/* Begin PBXProject section */
		42D94C701940B2D3003A32AB /* Project object */ = {
			isa = PBXProject;
			attributes = {
				CLASSPREFIX = hana;
				LastUpgradeCheck = 0510;
				ORGANIZATIONNAME = hanahana;
				TargetAttributes = {
					42D94C771940B2D3003A32AB = {
						DevelopmentTeam = E6M8QXW46T;
					};
					42D94C9B1940B2D3003A32AB = {
						TestTargetID = 42D94C771940B2D3003A32AB;
					};
				};
			};
			buildConfigurationList = 42D94C731940B2D3003A32AB /* Build configuration list for PBXProject "dmcmrAd" */;
			compatibilityVersion = "Xcode 3.2";
			developmentRegion = English;
			hasScannedForEncodings = 0;
			knownRegions = (
				en,
				Base,
			);
			mainGroup = 42D94C6F1940B2D3003A32AB;
			productRefGroup = 42D94C791940B2D3003A32AB /* Products */;
			projectDirPath = "";
			projectRoot = "";
			targets = (
				42D94C771940B2D3003A32AB /* dmcmrAd */,
				42D94C9B1940B2D3003A32AB /* dmcmrAdTests */,
			);
		};
/* End PBXProject section */

/* Begin PBXResourcesBuildPhase section */
		42D94C761940B2D3003A32AB /* Resources */ = {
			isa = PBXResourcesBuildPhase;
			buildActionMask = 2147483647;
			files = (
				42D94C921940B2D3003A32AB /* Main_iPad.storyboard in Resources */,
				42D94C971940B2D3003A32AB /* Images.xcassets in Resources */,
				42D94C8F1940B2D3003A32AB /* Main_iPhone.storyboard in Resources */,
				42D94C861940B2D3003A32AB /* InfoPlist.strings in Resources */,
			);
			runOnlyForDeploymentPostprocessing = 0;
		};
		42D94C9A1940B2D3003A32AB /* Resources */ = {
			isa = PBXResourcesBuildPhase;
			buildActionMask = 2147483647;
			files = (
				42D94CA81940B2D3003A32AB /* InfoPlist.strings in Resources */,
			);
			runOnlyForDeploymentPostprocessing = 0;
		};
/* End PBXResourcesBuildPhase section */

/* Begin PBXSourcesBuildPhase section */
		42D94C741940B2D3003A32AB /* Sources */ = {
			isa = PBXSourcesBuildPhase;
			buildActionMask = 2147483647;
			files = (
				42D94C951940B2D3003A32AB /* AdshowViewController.m in Sources */,
				42D94C8C1940B2D3003A32AB /* hanaAppDelegate.m in Sources */,
				42D94C881940B2D3003A32AB /* main.m in Sources */,
				42A7B2371AB4610600850638 /* BleCentral.m in Sources */,
			);
			runOnlyForDeploymentPostprocessing = 0;
		};
		42D94C981940B2D3003A32AB /* Sources */ = {
			isa = PBXSourcesBuildPhase;
			buildActionMask = 2147483647;
			files = (
				42D94CAA1940B2D3003A32AB /* dmcmrAdTests.m in Sources */,
			);
			runOnlyForDeploymentPostprocessing = 0;
		};
/* End PBXSourcesBuildPhase section */

/* Begin PBXTargetDependency section */
		42D94CA21940B2D3003A32AB /* PBXTargetDependency */ = {
			isa = PBXTargetDependency;
			target = 42D94C771940B2D3003A32AB /* dmcmrAd */;
			targetProxy = 42D94CA11940B2D3003A32AB /* PBXContainerItemProxy */;
		};
/* End PBXTargetDependency section */

/* Begin PBXVariantGroup section */
		42D94C841940B2D3003A32AB /* InfoPlist.strings */ = {
			isa = PBXVariantGroup;
			children = (
				42D94C851940B2D3003A32AB /* en */,
			);
			name = InfoPlist.strings;
			sourceTree = "<group>";
		};
		42D94C8D1940B2D3003A32AB /* Main_iPhone.storyboard */ = {
			isa = PBXVariantGroup;
			children = (
				42D94C8E1940B2D3003A32AB /* Base */,
			);
			name = Main_iPhone.storyboard;
			sourceTree = "<group>";
		};
		42D94C901940B2D3003A32AB /* Main_iPad.storyboard */ = {
			isa = PBXVariantGroup;
			children = (
				42D94C911940B2D3003A32AB /* Base */,
			);
			name = Main_iPad.storyboard;
			sourceTree = "<group>";
		};
		42D94CA61940B2D3003A32AB /* InfoPlist.strings */ = {
			isa = PBXVariantGroup;
			children = (
				42D94CA71940B2D3003A32AB /* en */,
			);
			name = InfoPlist.strings;
			sourceTree = "<group>";
		};
/* End PBXVariantGroup section */

/* Begin XCBuildConfiguration section */
		42D94CAB1940B2D3003A32AB /* Debug */ = {
			isa = XCBuildConfiguration;
			buildSettings = {
				ALWAYS_SEARCH_USER_PATHS = NO;
				CLANG_CXX_LANGUAGE_STANDARD = "gnu++0x";
				CLANG_CXX_LIBRARY = "libc++";
				CLANG_ENABLE_MODULES = YES;
				CLANG_ENABLE_OBJC_ARC = YES;
				CLANG_WARN_BOOL_CONVERSION = YES;
				CLANG_WARN_CONSTANT_CONVERSION = YES;
				CLANG_WARN_DIRECT_OBJC_ISA_USAGE = YES_ERROR;
				CLANG_WARN_EMPTY_BODY = YES;
				CLANG_WARN_ENUM_CONVERSION = YES;
				CLANG_WARN_INT_CONVERSION = YES;
				CLANG_WARN_OBJC_ROOT_CLASS = YES_ERROR;
				CLANG_WARN__DUPLICATE_METHOD_MATCH = YES;
				"CODE_SIGN_IDENTITY[sdk=iphoneos*]" = "iPhone Developer";
				COPY_PHASE_STRIP = NO;
				GCC_C_LANGUAGE_STANDARD = gnu99;
				GCC_DYNAMIC_NO_PIC = NO;
				GCC_OPTIMIZATION_LEVEL = 0;
				GCC_PREPROCESSOR_DEFINITIONS = (
					"DEBUG=1",
					"$(inherited)",
				);
				GCC_SYMBOLS_PRIVATE_EXTERN = NO;
				GCC_WARN_64_TO_32_BIT_CONVERSION = YES;
				GCC_WARN_ABOUT_RETURN_TYPE = YES_ERROR;
				GCC_WARN_UNDECLARED_SELECTOR = YES;
				GCC_WARN_UNINITIALIZED_AUTOS = YES_AGGRESSIVE;
				GCC_WARN_UNUSED_FUNCTION = YES;
				GCC_WARN_UNUSED_VARIABLE = YES;
				IPHONEOS_DEPLOYMENT_TARGET = 7.1;
				ONLY_ACTIVE_ARCH = YES;
				SDKROOT = iphoneos;
				TARGETED_DEVICE_FAMILY = "1,2";
			};
			name = Debug;
		};
		42D94CAC1940B2D3003A32AB /* Release */ = {
			isa = XCBuildConfiguration;
			buildSettings = {
				ALWAYS_SEARCH_USER_PATHS = NO;
				CLANG_CXX_LANGUAGE_STANDARD = "gnu++0x";
				CLANG_CXX_LIBRARY = "libc++";
				CLANG_ENABLE_MODULES = YES;
				CLANG_ENABLE_OBJC_ARC = YES;
				CLANG_WARN_BOOL_CONVERSION = YES;
				CLANG_WARN_CONSTANT_CONVERSION = YES;
				CLANG_WARN_DIRECT_OBJC_ISA_USAGE = YES_ERROR;
				CLANG_WARN_EMPTY_BODY = YES;
				CLANG_WARN_ENUM_CONVERSION = YES;
				CLANG_WARN_INT_CONVERSION = YES;
				CLANG_WARN_OBJC_ROOT_CLASS = YES_ERROR;
				CLANG_WARN__DUPLICATE_METHOD_MATCH = YES;
				"CODE_SIGN_IDENTITY[sdk=iphoneos*]" = "iPhone Developer";
				COPY_PHASE_STRIP = YES;
				ENABLE_NS_ASSERTIONS = NO;
				GCC_C_LANGUAGE_STANDARD = gnu99;
				GCC_WARN_64_TO_32_BIT_CONVERSION = YES;
				GCC_WARN_ABOUT_RETURN_TYPE = YES_ERROR;
				GCC_WARN_UNDECLARED_SELECTOR = YES;
				GCC_WARN_UNINITIALIZED_AUTOS = YES_AGGRESSIVE;
				GCC_WARN_UNUSED_FUNCTION = YES;
				GCC_WARN_UNUSED_VARIABLE = YES;
				IPHONEOS_DEPLOYMENT_TARGET = 7.1;
				SDKROOT = iphoneos;
				TARGETED_DEVICE_FAMILY = "1,2";
				VALIDATE_PRODUCT = YES;
			};
			name = Release;
		};
		42D94CAE1940B2D3003A32AB /* Debug */ = {
			isa = XCBuildConfiguration;
			buildSettings = {
				ASSETCATALOG_COMPILER_APPICON_NAME = AppIcon;
				ASSETCATALOG_COMPILER_LAUNCHIMAGE_NAME = LaunchImage;
				GCC_PRECOMPILE_PREFIX_HEADER = YES;
				GCC_PREFIX_HEADER = "dmcmrAd/dmcmrAd-Prefix.pch";
				INFOPLIST_FILE = "dmcmrAd/dmcmrAd-Info.plist";
				PRODUCT_NAME = "$(TARGET_NAME)";
				WRAPPER_EXTENSION = app;
			};
			name = Debug;
		};
		42D94CAF1940B2D3003A32AB /* Release */ = {
			isa = XCBuildConfiguration;
			buildSettings = {
				ASSETCATALOG_COMPILER_APPICON_NAME = AppIcon;
				ASSETCATALOG_COMPILER_LAUNCHIMAGE_NAME = LaunchImage;
				GCC_PRECOMPILE_PREFIX_HEADER = YES;
				GCC_PREFIX_HEADER = "dmcmrAd/dmcmrAd-Prefix.pch";
				INFOPLIST_FILE = "dmcmrAd/dmcmrAd-Info.plist";
				PRODUCT_NAME = "$(TARGET_NAME)";
				WRAPPER_EXTENSION = app;
			};
			name = Release;
		};
		42D94CB11940B2D3003A32AB /* Debug */ = {
			isa = XCBuildConfiguration;
			buildSettings = {
				BUNDLE_LOADER = "$(BUILT_PRODUCTS_DIR)/dmcmrAd.app/dmcmrAd";
				FRAMEWORK_SEARCH_PATHS = (
					"$(SDKROOT)/Developer/Library/Frameworks",
					"$(inherited)",
					"$(DEVELOPER_FRAMEWORKS_DIR)",
				);
				GCC_PRECOMPILE_PREFIX_HEADER = YES;
				GCC_PREFIX_HEADER = "dmcmrAd/dmcmrAd-Prefix.pch";
				GCC_PREPROCESSOR_DEFINITIONS = (
					"DEBUG=1",
					"$(inherited)",
				);
				INFOPLIST_FILE = "dmcmrAdTests/dmcmrAdTests-Info.plist";
				PRODUCT_NAME = "$(TARGET_NAME)";
				TEST_HOST = "$(BUNDLE_LOADER)";
				WRAPPER_EXTENSION = xctest;
			};
			name = Debug;
		};
		42D94CB21940B2D3003A32AB /* Release */ = {
			isa = XCBuildConfiguration;
			buildSettings = {
				BUNDLE_LOADER = "$(BUILT_PRODUCTS_DIR)/dmcmrAd.app/dmcmrAd";
				FRAMEWORK_SEARCH_PATHS = (
					"$(SDKROOT)/Developer/Library/Frameworks",
					"$(inherited)",
					"$(DEVELOPER_FRAMEWORKS_DIR)",
				);
				GCC_PRECOMPILE_PREFIX_HEADER = YES;
				GCC_PREFIX_HEADER = "dmcmrAd/dmcmrAd-Prefix.pch";
				INFOPLIST_FILE = "dmcmrAdTests/dmcmrAdTests-Info.plist";
				PRODUCT_NAME = "$(TARGET_NAME)";
				TEST_HOST = "$(BUNDLE_LOADER)";
				WRAPPER_EXTENSION = xctest;
			};
			name = Release;
		};
/* End XCBuildConfiguration section */

/* Begin XCConfigurationList section */
		42D94C731940B2D3003A32AB /* Build configuration list for PBXProject "dmcmrAd" */ = {
			isa = XCConfigurationList;
			buildConfigurations = (
				42D94CAB1940B2D3003A32AB /* Debug */,
				42D94CAC1940B2D3003A32AB /* Release */,
			);
			defaultConfigurationIsVisible = 0;
			defaultConfigurationName = Release;
		};
		42D94CAD1940B2D3003A32AB /* Build configuration list for PBXNativeTarget "dmcmrAd" */ = {
			isa = XCConfigurationList;
			buildConfigurations = (
				42D94CAE1940B2D3003A32AB /* Debug */,
				42D94CAF1940B2D3003A32AB /* Release */,
			);
			defaultConfigurationIsVisible = 0;
			defaultConfigurationName = Release;
		};
		42D94CB01940B2D3003A32AB /* Build configuration list for PBXNativeTarget "dmcmrAdTests" */ = {
			isa = XCConfigurationList;
			buildConfigurations = (
				42D94CB11940B2D3003A32AB /* Debug */,
				42D94CB21940B2D3003A32AB /* Release */,
			);
			defaultConfigurationIsVisible = 0;
			defaultConfigurationName = Release;
		};
/* End XCConfigurationList section */
	};
	rootObject = 42D94C701940B2D3003A32AB /* Project object */;
}
